
Microsoft Visual Studio Solution File, Format Version 12.00
# Visual Studio Version 17
VisualStudioVersion = 17.5.002.0
MinimumVisualStudioVersion = 10.0.40219.1
Project("{2150E333-8FDC-42A3-9474-1A3956D46DE8}") = "sandbox", "sandbox", "{09C9504A-DD70-43C3-BEBE-0B18284FDB42}"
EndProject
Project("{9A19103F-16F7-4668-BE54-9A1E7A4F7556}") = "sandbox_project", "sandbox\sandbox_project\sandbox_project.csproj", "{66CCDDD5-9045-4421-A812-6527E9EBEAD0}"
EndProject
Project("{2150E333-8FDC-42A3-9474-1A3956D46DE8}") = "week01", "week01", "{B52A04C9-F67C-4E24-ACD0-EBB9612102DB}"
EndProject
Project("{9A19103F-16F7-4668-BE54-9A1E7A4F7556}") = "analyze", "week01\analyze\analyze.csproj", "{CA8E8962-D267-40F6-9F9A-6B08F7FC3139}"
EndProject
Project("{9A19103F-16F7-4668-BE54-9A1E7A4F7556}") = "code", "week01\code\code.csproj", "{5FA6CA42-DF67-42C1-B29F-C76265F59992}"
EndProject
Project("{9A19103F-16F7-4668-BE54-9A1E7A4F7556}") = "teach", "week01\teach\teach.csproj", "{33D606A7-3D18-4B95-9077-45A79E155A78}"
EndProject
Project("{2150E333-8FDC-42A3-9474-1A3956D46DE8}") = "week02", "week02", "{6F3D1E83-6ABA-41CC-833F-B3A28DD37BCF}"
EndProject
Project("{9A19103F-16F7-4668-BE54-9A1E7A4F7556}") = "analyze", "week02\analyze\analyze.csproj", "{30684EEF-FAEB-4D8A-B915-37247A48FD51}"
EndProject
Project("{9A19103F-16F7-4668-BE54-9A1E7A4F7556}") = "code", "week02\code\code.csproj", "{C18401E4-537D-48B4-80C7-52FDFED16589}"
EndProject
Project("{9A19103F-16F7-4668-BE54-9A1E7A4F7556}") = "learn", "week02\learn\learn.csproj", "{D7C9B247-7D31-4CB3-96C6-9D784BE6A1EE}"
EndProject
Project("{9A19103F-16F7-4668-BE54-9A1E7A4F7556}") = "teach", "week02\teach\teach.csproj", "{01C3C372-277A-4644-8CA4-2ED64C2A211E}"
EndProject
Project("{2150E333-8FDC-42A3-9474-1A3956D46DE8}") = "week03", "week03", "{E810B949-5B18-4300-B03B-8B96BD977A05}"
EndProject
Project("{9A19103F-16F7-4668-BE54-9A1E7A4F7556}") = "code", "week03\code\code.csproj", "{6EA3D661-CA8D-4936-9E31-92FD55C56638}"
EndProject
Project("{9A19103F-16F7-4668-BE54-9A1E7A4F7556}") = "learn", "week03\learn\learn.csproj", "{29D4A788-D3EC-4D09-923F-5FAA1DE0B213}"
EndProject
Project("{9A19103F-16F7-4668-BE54-9A1E7A4F7556}") = "teach", "week03\teach\teach.csproj", "{89EFE541-0470-4443-8E23-5A4D8CC7A8B8}"
EndProject
Project("{2150E333-8FDC-42A3-9474-1A3956D46DE8}") = "week04", "week04", "{D0B95BE2-5C73-4AFF-8697-4648A484A142}"
EndProject
Project("{9A19103F-16F7-4668-BE54-9A1E7A4F7556}") = "code", "week04\code\code.csproj", "{83143FEB-7E2D-42C3-86E8-6CDF69F1011B}"
EndProject
Project("{2150E333-8FDC-42A3-9474-1A3956D46DE8}") = "week05", "week05", "{5D94981B-4E40-430F-B226-E3623C6920B7}"
EndProject
Project("{9A19103F-16F7-4668-BE54-9A1E7A4F7556}") = "code", "week05\code\code.csproj", "{8E5AD04A-4528-41E9-96DE-E5900E6702B2}"
EndProject
Project("{2150E333-8FDC-42A3-9474-1A3956D46DE8}") = "week06", "week06", "{11A3DF0A-5734-40DF-96BF-87A833794F1C}"
EndProject
Project("{9A19103F-16F7-4668-BE54-9A1E7A4F7556}") = "code", "week06\code\code.csproj", "{E222C9B6-21D9-4C60-9A19-08A855EBA3F3}"
EndProject
Global
	GlobalSection(SolutionConfigurationPlatforms) = preSolution
		Debug|Any CPU = Debug|Any CPU
		Release|Any CPU = Release|Any CPU
	EndGlobalSection
	GlobalSection(ProjectConfigurationPlatforms) = postSolution
		{66CCDDD5-9045-4421-A812-6527E9EBEAD0}.Debug|Any CPU.ActiveCfg = Debug|Any CPU
		{66CCDDD5-9045-4421-A812-6527E9EBEAD0}.Debug|Any CPU.Build.0 = Debug|Any CPU
		{66CCDDD5-9045-4421-A812-6527E9EBEAD0}.Release|Any CPU.ActiveCfg = Release|Any CPU
		{66CCDDD5-9045-4421-A812-6527E9EBEAD0}.Release|Any CPU.Build.0 = Release|Any CPU
		{CA8E8962-D267-40F6-9F9A-6B08F7FC3139}.Debug|Any CPU.ActiveCfg = Debug|Any CPU
		{CA8E8962-D267-40F6-9F9A-6B08F7FC3139}.Debug|Any CPU.Build.0 = Debug|Any CPU
		{CA8E8962-D267-40F6-9F9A-6B08F7FC3139}.Release|Any CPU.ActiveCfg = Release|Any CPU
		{CA8E8962-D267-40F6-9F9A-6B08F7FC3139}.Release|Any CPU.Build.0 = Release|Any CPU
		{5FA6CA42-DF67-42C1-B29F-C76265F59992}.Debug|Any CPU.ActiveCfg = Debug|Any CPU
		{5FA6CA42-DF67-42C1-B29F-C76265F59992}.Debug|Any CPU.Build.0 = Debug|Any CPU
		{5FA6CA42-DF67-42C1-B29F-C76265F59992}.Release|Any CPU.ActiveCfg = Release|Any CPU
		{5FA6CA42-DF67-42C1-B29F-C76265F59992}.Release|Any CPU.Build.0 = Release|Any CPU
		{33D606A7-3D18-4B95-9077-45A79E155A78}.Debug|Any CPU.ActiveCfg = Debug|Any CPU
		{33D606A7-3D18-4B95-9077-45A79E155A78}.Debug|Any CPU.Build.0 = Debug|Any CPU
		{33D606A7-3D18-4B95-9077-45A79E155A78}.Release|Any CPU.ActiveCfg = Release|Any CPU
		{33D606A7-3D18-4B95-9077-45A79E155A78}.Release|Any CPU.Build.0 = Release|Any CPU
		{30684EEF-FAEB-4D8A-B915-37247A48FD51}.Debug|Any CPU.ActiveCfg = Debug|Any CPU
		{30684EEF-FAEB-4D8A-B915-37247A48FD51}.Debug|Any CPU.Build.0 = Debug|Any CPU
		{30684EEF-FAEB-4D8A-B915-37247A48FD51}.Release|Any CPU.ActiveCfg = Release|Any CPU
		{30684EEF-FAEB-4D8A-B915-37247A48FD51}.Release|Any CPU.Build.0 = Release|Any CPU
		{C18401E4-537D-48B4-80C7-52FDFED16589}.Debug|Any CPU.ActiveCfg = Debug|Any CPU
		{C18401E4-537D-48B4-80C7-52FDFED16589}.Debug|Any CPU.Build.0 = Debug|Any CPU
		{C18401E4-537D-48B4-80C7-52FDFED16589}.Release|Any CPU.ActiveCfg = Release|Any CPU
		{C18401E4-537D-48B4-80C7-52FDFED16589}.Release|Any CPU.Build.0 = Release|Any CPU
		{D7C9B247-7D31-4CB3-96C6-9D784BE6A1EE}.Debug|Any CPU.ActiveCfg = Debug|Any CPU
		{D7C9B247-7D31-4CB3-96C6-9D784BE6A1EE}.Debug|Any CPU.Build.0 = Debug|Any CPU
		{D7C9B247-7D31-4CB3-96C6-9D784BE6A1EE}.Release|Any CPU.ActiveCfg = Release|Any CPU
		{D7C9B247-7D31-4CB3-96C6-9D784BE6A1EE}.Release|Any CPU.Build.0 = Release|Any CPU
		{01C3C372-277A-4644-8CA4-2ED64C2A211E}.Debug|Any CPU.ActiveCfg = Debug|Any CPU
		{01C3C372-277A-4644-8CA4-2ED64C2A211E}.Debug|Any CPU.Build.0 = Debug|Any CPU
		{01C3C372-277A-4644-8CA4-2ED64C2A211E}.Release|Any CPU.ActiveCfg = Release|Any CPU
		{01C3C372-277A-4644-8CA4-2ED64C2A211E}.Release|Any CPU.Build.0 = Release|Any CPU
		{6EA3D661-CA8D-4936-9E31-92FD55C56638}.Debug|Any CPU.ActiveCfg = Debug|Any CPU
		{6EA3D661-CA8D-4936-9E31-92FD55C56638}.Debug|Any CPU.Build.0 = Debug|Any CPU
		{6EA3D661-CA8D-4936-9E31-92FD55C56638}.Release|Any CPU.ActiveCfg = Release|Any CPU
		{6EA3D661-CA8D-4936-9E31-92FD55C56638}.Release|Any CPU.Build.0 = Release|Any CPU
		{29D4A788-D3EC-4D09-923F-5FAA1DE0B213}.Debug|Any CPU.ActiveCfg = Debug|Any CPU
		{29D4A788-D3EC-4D09-923F-5FAA1DE0B213}.Debug|Any CPU.Build.0 = Debug|Any CPU
		{29D4A788-D3EC-4D09-923F-5FAA1DE0B213}.Release|Any CPU.ActiveCfg = Release|Any CPU
		{29D4A788-D3EC-4D09-923F-5FAA1DE0B213}.Release|Any CPU.Build.0 = Release|Any CPU
		{89EFE541-0470-4443-8E23-5A4D8CC7A8B8}.Debug|Any CPU.ActiveCfg = Debug|Any CPU
		{89EFE541-0470-4443-8E23-5A4D8CC7A8B8}.Debug|Any CPU.Build.0 = Debug|Any CPU
		{89EFE541-0470-4443-8E23-5A4D8CC7A8B8}.Release|Any CPU.ActiveCfg = Release|Any CPU
		{89EFE541-0470-4443-8E23-5A4D8CC7A8B8}.Release|Any CPU.Build.0 = Release|Any CPU
		{83143FEB-7E2D-42C3-86E8-6CDF69F1011B}.Debug|Any CPU.ActiveCfg = Debug|Any CPU
		{83143FEB-7E2D-42C3-86E8-6CDF69F1011B}.Debug|Any CPU.Build.0 = Debug|Any CPU
		{83143FEB-7E2D-42C3-86E8-6CDF69F1011B}.Release|Any CPU.ActiveCfg = Release|Any CPU
		{83143FEB-7E2D-42C3-86E8-6CDF69F1011B}.Release|Any CPU.Build.0 = Release|Any CPU
		{8E5AD04A-4528-41E9-96DE-E5900E6702B2}.Debug|Any CPU.ActiveCfg = Debug|Any CPU
		{8E5AD04A-4528-41E9-96DE-E5900E6702B2}.Debug|Any CPU.Build.0 = Debug|Any CPU
		{8E5AD04A-4528-41E9-96DE-E5900E6702B2}.Release|Any CPU.ActiveCfg = Release|Any CPU
		{8E5AD04A-4528-41E9-96DE-E5900E6702B2}.Release|Any CPU.Build.0 = Release|Any CPU
		{E222C9B6-21D9-4C60-9A19-08A855EBA3F3}.Debug|Any CPU.ActiveCfg = Debug|Any CPU
		{E222C9B6-21D9-4C60-9A19-08A855EBA3F3}.Debug|Any CPU.Build.0 = Debug|Any CPU
		{E222C9B6-21D9-4C60-9A19-08A855EBA3F3}.Release|Any CPU.ActiveCfg = Release|Any CPU
		{E222C9B6-21D9-4C60-9A19-08A855EBA3F3}.Release|Any CPU.Build.0 = Release|Any CPU
	EndGlobalSection
	GlobalSection(SolutionProperties) = preSolution
		HideSolutionNode = FALSE
	EndGlobalSection
	GlobalSection(NestedProjects) = preSolution
		{66CCDDD5-9045-4421-A812-6527E9EBEAD0} = {09C9504A-DD70-43C3-BEBE-0B18284FDB42}
		{CA8E8962-D267-40F6-9F9A-6B08F7FC3139} = {B52A04C9-F67C-4E24-ACD0-EBB9612102DB}
		{5FA6CA42-DF67-42C1-B29F-C76265F59992} = {B52A04C9-F67C-4E24-ACD0-EBB9612102DB}
		{33D606A7-3D18-4B95-9077-45A79E155A78} = {B52A04C9-F67C-4E24-ACD0-EBB9612102DB}
		{30684EEF-FAEB-4D8A-B915-37247A48FD51} = {6F3D1E83-6ABA-41CC-833F-B3A28DD37BCF}
		{C18401E4-537D-48B4-80C7-52FDFED16589} = {6F3D1E83-6ABA-41CC-833F-B3A28DD37BCF}
		{D7C9B247-7D31-4CB3-96C6-9D784BE6A1EE} = {6F3D1E83-6ABA-41CC-833F-B3A28DD37BCF}
		{01C3C372-277A-4644-8CA4-2ED64C2A211E} = {6F3D1E83-6ABA-41CC-833F-B3A28DD37BCF}
		{6EA3D661-CA8D-4936-9E31-92FD55C56638} = {E810B949-5B18-4300-B03B-8B96BD977A05}
		{29D4A788-D3EC-4D09-923F-5FAA1DE0B213} = {E810B949-5B18-4300-B03B-8B96BD977A05}
		{89EFE541-0470-4443-8E23-5A4D8CC7A8B8} = {E810B949-5B18-4300-B03B-8B96BD977A05}
		{83143FEB-7E2D-42C3-86E8-6CDF69F1011B} = {D0B95BE2-5C73-4AFF-8697-4648A484A142}
		{8E5AD04A-4528-41E9-96DE-E5900E6702B2} = {5D94981B-4E40-430F-B226-E3623C6920B7}
		{E222C9B6-21D9-4C60-9A19-08A855EBA3F3} = {11A3DF0A-5734-40DF-96BF-87A833794F1C}
	EndGlobalSection
	GlobalSection(ExtensibilityGlobals) = postSolution
		SolutionGuid = {14DD7841-C191-4B23-98E0-693E01D0D644}
	EndGlobalSection
EndGlobal
